
Microsoft Visual Studio Solution File, Format Version 12.00
# Visual Studio Version 17
VisualStudioVersion = 17.5.33502.453
MinimumVisualStudioVersion = 10.0.40219.1
Project("{9A19103F-16F7-4668-BE54-9A1E7A4F7556}") = "EmployeesManagement", "EmployeesManagement\EmployeesManagement.csproj", "{D5A3D701-2938-4327-8B65-8FA3D0BFD26B}"
EndProject
Project("{FAE04EC0-301F-11D3-BF4B-00C04F79EFBC}") = "EmployeeManagementTests", "EmployeeManagementTests\EmployeeManagementTests.csproj", "{63906BBE-28CF-4CD8-83BA-2195E42B446A}"
EndProject
Global
	GlobalSection(SolutionConfigurationPlatforms) = preSolution
		Debug|Any CPU = Debug|Any CPU
		Release|Any CPU = Release|Any CPU
	EndGlobalSection
	GlobalSection(ProjectConfigurationPlatforms) = postSolution
		{D5A3D701-2938-4327-8B65-8FA3D0BFD26B}.Debug|Any CPU.ActiveCfg = Debug|Any CPU
		{D5A3D701-2938-4327-8B65-8FA3D0BFD26B}.Debug|Any CPU.Build.0 = Debug|Any CPU
		{D5A3D701-2938-4327-8B65-8FA3D0BFD26B}.Release|Any CPU.ActiveCfg = Release|Any CPU
		{D5A3D701-2938-4327-8B65-8FA3D0BFD26B}.Release|Any CPU.Build.0 = Release|Any CPU
		{63906BBE-28CF-4CD8-83BA-2195E42B446A}.Debug|Any CPU.ActiveCfg = Debug|Any CPU
		{63906BBE-28CF-4CD8-83BA-2195E42B446A}.Debug|Any CPU.Build.0 = Debug|Any CPU
		{63906BBE-28CF-4CD8-83BA-2195E42B446A}.Release|Any CPU.ActiveCfg = Release|Any CPU
		{63906BBE-28CF-4CD8-83BA-2195E42B446A}.Release|Any CPU.Build.0 = Release|Any CPU
	EndGlobalSection
	GlobalSection(SolutionProperties) = preSolution
		HideSolutionNode = FALSE
	EndGlobalSection
	GlobalSection(ExtensibilityGlobals) = postSolution
		SolutionGuid = {26AF1547-1CA9-4DE1-AF04-D2203B8350E8}
	EndGlobalSection
EndGlobal
